
Microsoft Visual Studio Solution File, Format Version 12.00
# Visual Studio 15
VisualStudioVersion = 15.0.27130.2010
MinimumVisualStudioVersion = 10.0.40219.1
Project("{FAE04EC0-301F-11D3-BF4B-00C04F79EFBC}") = "FibonacciTestModule", "FibonacciTestModule\FibonacciTestModule.csproj", "{D31CDB8E-41A2-4DB2-AFB4-D2EC116BFC1B}"
EndProject
Global
	GlobalSection(SolutionConfigurationPlatforms) = preSolution
		Debug|Any CPU = Debug|Any CPU
		Release|Any CPU = Release|Any CPU
	EndGlobalSection
	GlobalSection(ProjectConfigurationPlatforms) = postSolution
		{D31CDB8E-41A2-4DB2-AFB4-D2EC116BFC1B}.Debug|Any CPU.ActiveCfg = Debug|Any CPU
		{D31CDB8E-41A2-4DB2-AFB4-D2EC116BFC1B}.Debug|Any CPU.Build.0 = Debug|Any CPU
		{D31CDB8E-41A2-4DB2-AFB4-D2EC116BFC1B}.Release|Any CPU.ActiveCfg = Release|Any CPU
		{D31CDB8E-41A2-4DB2-AFB4-D2EC116BFC1B}.Release|Any CPU.Build.0 = Release|Any CPU
	EndGlobalSection
	GlobalSection(SolutionProperties) = preSolution
		HideSolutionNode = FALSE
	EndGlobalSection
	GlobalSection(ExtensibilityGlobals) = postSolution
		SolutionGuid = {CFAB12DE-B82F-44DB-A23D-96E51396A838}
	EndGlobalSection
EndGlobal
